
Microsoft Visual Studio Solution File, Format Version 12.00
# Visual Studio 14
VisualStudioVersion = 14.0.24720.0
MinimumVisualStudioVersion = 10.0.40219.1
Project("{888888A0-9F3D-457C-B088-3A5042F75D52}") = "twilioFlaskBasic", "twilioFlaskBasic\twilioFlaskBasic.pyproj", "{A59E8677-7577-42BD-BE7F-D3F1E39C4FFF}"
EndProject
Global
	GlobalSection(SolutionConfigurationPlatforms) = preSolution
		Debug|Any CPU = Debug|Any CPU
		Release|Any CPU = Release|Any CPU
	EndGlobalSection
	GlobalSection(ProjectConfigurationPlatforms) = postSolution
		{A59E8677-7577-42BD-BE7F-D3F1E39C4FFF}.Debug|Any CPU.ActiveCfg = Debug|Any CPU
		{A59E8677-7577-42BD-BE7F-D3F1E39C4FFF}.Release|Any CPU.ActiveCfg = Release|Any CPU
	EndGlobalSection
	GlobalSection(SolutionProperties) = preSolution
		HideSolutionNode = FALSE
	EndGlobalSection
EndGlobal
